
Microsoft Visual Studio Solution File, Format Version 12.00
# Visual Studio Version 17
VisualStudioVersion = 17.3.32929.385
MinimumVisualStudioVersion = 10.0.40219.1
Project("{FAE04EC0-301F-11D3-BF4B-00C04F79EFBC}") = "ImageeServer", "ImageeServer\ImageeServer.csproj", "{887D107D-F289-401B-9973-F75F28A94E11}"
EndProject
Global
	GlobalSection(SolutionConfigurationPlatforms) = preSolution
		Debug|Any CPU = Debug|Any CPU
		Release|Any CPU = Release|Any CPU
	EndGlobalSection
	GlobalSection(ProjectConfigurationPlatforms) = postSolution
		{887D107D-F289-401B-9973-F75F28A94E11}.Debug|Any CPU.ActiveCfg = Debug|Any CPU
		{887D107D-F289-401B-9973-F75F28A94E11}.Debug|Any CPU.Build.0 = Debug|Any CPU
		{887D107D-F289-401B-9973-F75F28A94E11}.Release|Any CPU.ActiveCfg = Release|Any CPU
		{887D107D-F289-401B-9973-F75F28A94E11}.Release|Any CPU.Build.0 = Release|Any CPU
	EndGlobalSection
	GlobalSection(SolutionProperties) = preSolution
		HideSolutionNode = FALSE
	EndGlobalSection
	GlobalSection(ExtensibilityGlobals) = postSolution
		SolutionGuid = {EB20041E-AB51-4F89-9040-F7CC349B3A1D}
	EndGlobalSection
EndGlobal
